
Microsoft Visual Studio Solution File, Format Version 12.00
# Visual Studio Version 17
VisualStudioVersion = 17.5.33516.290
MinimumVisualStudioVersion = 10.0.40219.1
Project("{FAE04EC0-301F-11D3-BF4B-00C04F79EFBC}") = "Bai4_Lab1_IT008.O14.2", "Bai4_Lab1_IT008.O14.2.csproj", "{B9277FEC-2CCC-48D0-A209-534481E8B8EE}"
EndProject
Global
	GlobalSection(SolutionConfigurationPlatforms) = preSolution
		Debug|Any CPU = Debug|Any CPU
		Release|Any CPU = Release|Any CPU
	EndGlobalSection
	GlobalSection(ProjectConfigurationPlatforms) = postSolution
		{B9277FEC-2CCC-48D0-A209-534481E8B8EE}.Debug|Any CPU.ActiveCfg = Debug|Any CPU
		{B9277FEC-2CCC-48D0-A209-534481E8B8EE}.Debug|Any CPU.Build.0 = Debug|Any CPU
		{B9277FEC-2CCC-48D0-A209-534481E8B8EE}.Release|Any CPU.ActiveCfg = Release|Any CPU
		{B9277FEC-2CCC-48D0-A209-534481E8B8EE}.Release|Any CPU.Build.0 = Release|Any CPU
	EndGlobalSection
	GlobalSection(SolutionProperties) = preSolution
		HideSolutionNode = FALSE
	EndGlobalSection
	GlobalSection(ExtensibilityGlobals) = postSolution
		SolutionGuid = {1D29B149-4952-4AD6-8A08-F4D67C33ABB0}
	EndGlobalSection
EndGlobal
