
Microsoft Visual Studio Solution File, Format Version 12.00
# Visual Studio Version 17
VisualStudioVersion = 17.7.34031.279
MinimumVisualStudioVersion = 10.0.40219.1
Project("{9A19103F-16F7-4668-BE54-9A1E7A4F7556}") = "Lab1_LTTQ_Bai 1.1", "Lab1_LTTQ_Bai 1.1\Lab1_LTTQ_Bai 1.1.csproj", "{C8F35612-6CA0-4B79-B7C9-E9C8243D6E0F}"
EndProject
Project("{9A19103F-16F7-4668-BE54-9A1E7A4F7556}") = "Lab1_LTTQ_Bai 1.2", "Lab1_LTTQ_Bai 1.2\Lab1_LTTQ_Bai 1.2.csproj", "{C9E7FFA7-11A6-4455-B850-DDF173837BE1}"
EndProject
Project("{FAE04EC0-301F-11D3-BF4B-00C04F79EFBC}") = "Lab1_LTTQ_Bai1.6", "Lab1_LTTQ_Bai1.6\Lab1_LTTQ_Bai1.6.csproj", "{B339D23D-9B7C-4C61-A6E8-4906A3CB4C0C}"
EndProject
Global
	GlobalSection(SolutionConfigurationPlatforms) = preSolution
		Debug|Any CPU = Debug|Any CPU
		Release|Any CPU = Release|Any CPU
	EndGlobalSection
	GlobalSection(ProjectConfigurationPlatforms) = postSolution
		{C8F35612-6CA0-4B79-B7C9-E9C8243D6E0F}.Debug|Any CPU.ActiveCfg = Debug|Any CPU
		{C8F35612-6CA0-4B79-B7C9-E9C8243D6E0F}.Debug|Any CPU.Build.0 = Debug|Any CPU
		{C8F35612-6CA0-4B79-B7C9-E9C8243D6E0F}.Release|Any CPU.ActiveCfg = Release|Any CPU
		{C8F35612-6CA0-4B79-B7C9-E9C8243D6E0F}.Release|Any CPU.Build.0 = Release|Any CPU
		{C9E7FFA7-11A6-4455-B850-DDF173837BE1}.Debug|Any CPU.ActiveCfg = Debug|Any CPU
		{C9E7FFA7-11A6-4455-B850-DDF173837BE1}.Debug|Any CPU.Build.0 = Debug|Any CPU
		{C9E7FFA7-11A6-4455-B850-DDF173837BE1}.Release|Any CPU.ActiveCfg = Release|Any CPU
		{C9E7FFA7-11A6-4455-B850-DDF173837BE1}.Release|Any CPU.Build.0 = Release|Any CPU
		{B339D23D-9B7C-4C61-A6E8-4906A3CB4C0C}.Debug|Any CPU.ActiveCfg = Debug|Any CPU
		{B339D23D-9B7C-4C61-A6E8-4906A3CB4C0C}.Debug|Any CPU.Build.0 = Debug|Any CPU
		{B339D23D-9B7C-4C61-A6E8-4906A3CB4C0C}.Release|Any CPU.ActiveCfg = Release|Any CPU
		{B339D23D-9B7C-4C61-A6E8-4906A3CB4C0C}.Release|Any CPU.Build.0 = Release|Any CPU
	EndGlobalSection
	GlobalSection(SolutionProperties) = preSolution
		HideSolutionNode = FALSE
	EndGlobalSection
	GlobalSection(ExtensibilityGlobals) = postSolution
		SolutionGuid = {7A10FF82-75CB-4A30-8569-9E97B69BC9BC}
	EndGlobalSection
EndGlobal
