
Microsoft Visual Studio Solution File, Format Version 12.00
# Visual Studio Version 17
VisualStudioVersion = 17.7.34031.279
MinimumVisualStudioVersion = 10.0.40219.1
Project("{FAE04EC0-301F-11D3-BF4B-00C04F79EFBC}") = "Bai 2.5", "Bai 2.5\Bai 2.5.csproj", "{3DA3F57B-CE20-41C9-8647-83CCDD62AB85}"
EndProject
Global
	GlobalSection(SolutionConfigurationPlatforms) = preSolution
		Debug|Any CPU = Debug|Any CPU
		Release|Any CPU = Release|Any CPU
	EndGlobalSection
	GlobalSection(ProjectConfigurationPlatforms) = postSolution
		{3DA3F57B-CE20-41C9-8647-83CCDD62AB85}.Debug|Any CPU.ActiveCfg = Debug|Any CPU
		{3DA3F57B-CE20-41C9-8647-83CCDD62AB85}.Debug|Any CPU.Build.0 = Debug|Any CPU
		{3DA3F57B-CE20-41C9-8647-83CCDD62AB85}.Release|Any CPU.ActiveCfg = Release|Any CPU
		{3DA3F57B-CE20-41C9-8647-83CCDD62AB85}.Release|Any CPU.Build.0 = Release|Any CPU
	EndGlobalSection
	GlobalSection(SolutionProperties) = preSolution
		HideSolutionNode = FALSE
	EndGlobalSection
	GlobalSection(ExtensibilityGlobals) = postSolution
		SolutionGuid = {04552EFC-AE50-4A5B-8B6E-4214215BEDED}
	EndGlobalSection
EndGlobal
